
Microsoft Visual Studio Solution File, Format Version 12.00
# Visual Studio Version 16
VisualStudioVersion = 16.0.31410.357
MinimumVisualStudioVersion = 10.0.40219.1
Project("{FAE04EC0-301F-11D3-BF4B-00C04F79EFBC}") = "Acme", "Acme\Acme.csproj", "{E47EFFA4-9113-4620-861A-0BA1C8F9C95E}"
EndProject
Global
	GlobalSection(SolutionConfigurationPlatforms) = preSolution
		Debug|Any CPU = Debug|Any CPU
		Release|Any CPU = Release|Any CPU
	EndGlobalSection
	GlobalSection(ProjectConfigurationPlatforms) = postSolution
		{E47EFFA4-9113-4620-861A-0BA1C8F9C95E}.Debug|Any CPU.ActiveCfg = Debug|Any CPU
		{E47EFFA4-9113-4620-861A-0BA1C8F9C95E}.Debug|Any CPU.Build.0 = Debug|Any CPU
		{E47EFFA4-9113-4620-861A-0BA1C8F9C95E}.Release|Any CPU.ActiveCfg = Release|Any CPU
		{E47EFFA4-9113-4620-861A-0BA1C8F9C95E}.Release|Any CPU.Build.0 = Release|Any CPU
	EndGlobalSection
	GlobalSection(SolutionProperties) = preSolution
		HideSolutionNode = FALSE
	EndGlobalSection
	GlobalSection(ExtensibilityGlobals) = postSolution
		SolutionGuid = {42DB8F13-C65A-4628-91FB-A6310CBC6F27}
	EndGlobalSection
EndGlobal
